// !$*UTF8*$!
{
	archiveVersion = 1;
	classes = {
	};
	objectVersion = 46;
	objects = {

/* Begin PBXBuildFile section */
		C841D51544864C1CB8227809 /* libPods.a in Frameworks */ = {isa = PBXBuildFile; fileRef = 92D72CCA58014D61B8615231 /* libPods.a */; };
		EF03C8F21934BA9E00446636 /* SWIndexViewController.m in Sources */ = {isa = PBXBuildFile; fileRef = EF03C8F11934BA9E00446636 /* SWIndexViewController.m */; };
		EF03C8F51934C32400446636 /* SWClient.m in Sources */ = {isa = PBXBuildFile; fileRef = EF03C8F41934C32400446636 /* SWClient.m */; };
		EF03C8F81934C32E00446636 /* SWManager.m in Sources */ = {isa = PBXBuildFile; fileRef = EF03C8F71934C32E00446636 /* SWManager.m */; };
		EF03C8FB1934C34800446636 /* SWCondition.m in Sources */ = {isa = PBXBuildFile; fileRef = EF03C8FA1934C34800446636 /* SWCondition.m */; };
		EF03C8FE1934C35800446636 /* SWDailyForecast.m in Sources */ = {isa = PBXBuildFile; fileRef = EF03C8FD1934C35800446636 /* SWDailyForecast.m */; };
		EFF482901934B548003447B9 /* Foundation.framework in Frameworks */ = {isa = PBXBuildFile; fileRef = EFF4828F1934B548003447B9 /* Foundation.framework */; };
		EFF482921934B548003447B9 /* CoreGraphics.framework in Frameworks */ = {isa = PBXBuildFile; fileRef = EFF482911934B548003447B9 /* CoreGraphics.framework */; };
		EFF482941934B548003447B9 /* UIKit.framework in Frameworks */ = {isa = PBXBuildFile; fileRef = EFF482931934B548003447B9 /* UIKit.framework */; };
		EFF4829A1934B548003447B9 /* InfoPlist.strings in Resources */ = {isa = PBXBuildFile; fileRef = EFF482981934B548003447B9 /* InfoPlist.strings */; };
		EFF4829C1934B548003447B9 /* main.m in Sources */ = {isa = PBXBuildFile; fileRef = EFF4829B1934B548003447B9 /* main.m */; };
		EFF482A01934B548003447B9 /* SWAppDelegate.m in Sources */ = {isa = PBXBuildFile; fileRef = EFF4829F1934B548003447B9 /* SWAppDelegate.m */; };
		EFF482A21934B548003447B9 /* Images.xcassets in Resources */ = {isa = PBXBuildFile; fileRef = EFF482A11934B548003447B9 /* Images.xcassets */; };
		EFF482A91934B548003447B9 /* XCTest.framework in Frameworks */ = {isa = PBXBuildFile; fileRef = EFF482A81934B548003447B9 /* XCTest.framework */; };
		EFF482AA1934B548003447B9 /* Foundation.framework in Frameworks */ = {isa = PBXBuildFile; fileRef = EFF4828F1934B548003447B9 /* Foundation.framework */; };
		EFF482AB1934B548003447B9 /* UIKit.framework in Frameworks */ = {isa = PBXBuildFile; fileRef = EFF482931934B548003447B9 /* UIKit.framework */; };
		EFF482B31934B548003447B9 /* InfoPlist.strings in Resources */ = {isa = PBXBuildFile; fileRef = EFF482B11934B548003447B9 /* InfoPlist.strings */; };
		EFF482B51934B548003447B9 /* SimpleWeatherTests.m in Sources */ = {isa = PBXBuildFile; fileRef = EFF482B41934B548003447B9 /* SimpleWeatherTests.m */; };
/* End PBXBuildFile section */

/* Begin PBXContainerItemProxy section */
		EFF482AC1934B548003447B9 /* PBXContainerItemProxy */ = {
			isa = PBXContainerItemProxy;
			containerPortal = EFF482841934B548003447B9 /* Project object */;
			proxyType = 1;
			remoteGlobalIDString = EFF4828B1934B548003447B9;
			remoteInfo = SimpleWeather;
		};
/* End PBXContainerItemProxy section */

/* Begin PBXFileReference section */
		92D72CCA58014D61B8615231 /* libPods.a */ = {isa = PBXFileReference; explicitFileType = archive.ar; includeInIndex = 0; path = libPods.a; sourceTree = BUILT_PRODUCTS_DIR; };
		E94A68E9661F4267AE20369A /* Pods.xcconfig */ = {isa = PBXFileReference; includeInIndex = 1; lastKnownFileType = text.xcconfig; name = Pods.xcconfig; path = Pods/Pods.xcconfig; sourceTree = "<group>"; };
		EF03C8F01934BA9E00446636 /* SWIndexViewController.h */ = {isa = PBXFileReference; fileEncoding = 4; lastKnownFileType = sourcecode.c.h; path = SWIndexViewController.h; sourceTree = "<group>"; };
		EF03C8F11934BA9E00446636 /* SWIndexViewController.m */ = {isa = PBXFileReference; fileEncoding = 4; lastKnownFileType = sourcecode.c.objc; path = SWIndexViewController.m; sourceTree = "<group>"; };
		EF03C8F31934C32400446636 /* SWClient.h */ = {isa = PBXFileReference; fileEncoding = 4; lastKnownFileType = sourcecode.c.h; path = SWClient.h; sourceTree = "<group>"; };
		EF03C8F41934C32400446636 /* SWClient.m */ = {isa = PBXFileReference; fileEncoding = 4; lastKnownFileType = sourcecode.c.objc; path = SWClient.m; sourceTree = "<group>"; };
		EF03C8F61934C32E00446636 /* SWManager.h */ = {isa = PBXFileReference; fileEncoding = 4; lastKnownFileType = sourcecode.c.h; path = SWManager.h; sourceTree = "<group>"; };
		EF03C8F71934C32E00446636 /* SWManager.m */ = {isa = PBXFileReference; fileEncoding = 4; lastKnownFileType = sourcecode.c.objc; path = SWManager.m; sourceTree = "<group>"; };
		EF03C8F91934C34800446636 /* SWCondition.h */ = {isa = PBXFileReference; fileEncoding = 4; lastKnownFileType = sourcecode.c.h; path = SWCondition.h; sourceTree = "<group>"; };
		EF03C8FA1934C34800446636 /* SWCondition.m */ = {isa = PBXFileReference; fileEncoding = 4; lastKnownFileType = sourcecode.c.objc; path = SWCondition.m; sourceTree = "<group>"; };
		EF03C8FC1934C35800446636 /* SWDailyForecast.h */ = {isa = PBXFileReference; fileEncoding = 4; lastKnownFileType = sourcecode.c.h; path = SWDailyForecast.h; sourceTree = "<group>"; };
		EF03C8FD1934C35800446636 /* SWDailyForecast.m */ = {isa = PBXFileReference; fileEncoding = 4; lastKnownFileType = sourcecode.c.objc; path = SWDailyForecast.m; sourceTree = "<group>"; };
		EFF4828C1934B548003447B9 /* SimpleWeather.app */ = {isa = PBXFileReference; explicitFileType = wrapper.application; includeInIndex = 0; path = SimpleWeather.app; sourceTree = BUILT_PRODUCTS_DIR; };
		EFF4828F1934B548003447B9 /* Foundation.framework */ = {isa = PBXFileReference; lastKnownFileType = wrapper.framework; name = Foundation.framework; path = System/Library/Frameworks/Foundation.framework; sourceTree = SDKROOT; };
		EFF482911934B548003447B9 /* CoreGraphics.framework */ = {isa = PBXFileReference; lastKnownFileType = wrapper.framework; name = CoreGraphics.framework; path = System/Library/Frameworks/CoreGraphics.framework; sourceTree = SDKROOT; };
		EFF482931934B548003447B9 /* UIKit.framework */ = {isa = PBXFileReference; lastKnownFileType = wrapper.framework; name = UIKit.framework; path = System/Library/Frameworks/UIKit.framework; sourceTree = SDKROOT; };
		EFF482971934B548003447B9 /* SimpleWeather-Info.plist */ = {isa = PBXFileReference; lastKnownFileType = text.plist.xml; path = "SimpleWeather-Info.plist"; sourceTree = "<group>"; };
		EFF482991934B548003447B9 /* en */ = {isa = PBXFileReference; lastKnownFileType = text.plist.strings; name = en; path = en.lproj/InfoPlist.strings; sourceTree = "<group>"; };
		EFF4829B1934B548003447B9 /* main.m */ = {isa = PBXFileReference; lastKnownFileType = sourcecode.c.objc; path = main.m; sourceTree = "<group>"; };
		EFF4829D1934B548003447B9 /* SimpleWeather-Prefix.pch */ = {isa = PBXFileReference; lastKnownFileType = sourcecode.c.h; path = "SimpleWeather-Prefix.pch"; sourceTree = "<group>"; };
		EFF4829E1934B548003447B9 /* SWAppDelegate.h */ = {isa = PBXFileReference; lastKnownFileType = sourcecode.c.h; path = SWAppDelegate.h; sourceTree = "<group>"; };
		EFF4829F1934B548003447B9 /* SWAppDelegate.m */ = {isa = PBXFileReference; lastKnownFileType = sourcecode.c.objc; path = SWAppDelegate.m; sourceTree = "<group>"; };
		EFF482A11934B548003447B9 /* Images.xcassets */ = {isa = PBXFileReference; lastKnownFileType = folder.assetcatalog; path = Images.xcassets; sourceTree = "<group>"; };
		EFF482A71934B548003447B9 /* SimpleWeatherTests.xctest */ = {isa = PBXFileReference; explicitFileType = wrapper.cfbundle; includeInIndex = 0; path = SimpleWeatherTests.xctest; sourceTree = BUILT_PRODUCTS_DIR; };
		EFF482A81934B548003447B9 /* XCTest.framework */ = {isa = PBXFileReference; lastKnownFileType = wrapper.framework; name = XCTest.framework; path = Library/Frameworks/XCTest.framework; sourceTree = DEVELOPER_DIR; };
		EFF482B01934B548003447B9 /* SimpleWeatherTests-Info.plist */ = {isa = PBXFileReference; lastKnownFileType = text.plist.xml; path = "SimpleWeatherTests-Info.plist"; sourceTree = "<group>"; };
		EFF482B21934B548003447B9 /* en */ = {isa = PBXFileReference; lastKnownFileType = text.plist.strings; name = en; path = en.lproj/InfoPlist.strings; sourceTree = "<group>"; };
		EFF482B41934B548003447B9 /* SimpleWeatherTests.m */ = {isa = PBXFileReference; lastKnownFileType = sourcecode.c.objc; path = SimpleWeatherTests.m; sourceTree = "<group>"; };
/* End PBXFileReference section */

/* Begin PBXFrameworksBuildPhase section */
		EFF482891934B548003447B9 /* Frameworks */ = {
			isa = PBXFrameworksBuildPhase;
			buildActionMask = 2147483647;
			files = (
				EFF482921934B548003447B9 /* CoreGraphics.framework in Frameworks */,
				EFF482941934B548003447B9 /* UIKit.framework in Frameworks */,
				EFF482901934B548003447B9 /* Foundation.framework in Frameworks */,
				C841D51544864C1CB8227809 /* libPods.a in Frameworks */,
			);
			runOnlyForDeploymentPostprocessing = 0;
		};
		EFF482A41934B548003447B9 /* Frameworks */ = {
			isa = PBXFrameworksBuildPhase;
			buildActionMask = 2147483647;
			files = (
				EFF482A91934B548003447B9 /* XCTest.framework in Frameworks */,
				EFF482AB1934B548003447B9 /* UIKit.framework in Frameworks */,
				EFF482AA1934B548003447B9 /* Foundation.framework in Frameworks */,
			);
			runOnlyForDeploymentPostprocessing = 0;
		};
/* End PBXFrameworksBuildPhase section */

/* Begin PBXGroup section */
		EF03C8FF1934C35E00446636 /* Models */ = {
			isa = PBXGroup;
			children = (
				EF03C8F31934C32400446636 /* SWClient.h */,
				EF03C8F41934C32400446636 /* SWClient.m */,
				EF03C8F61934C32E00446636 /* SWManager.h */,
				EF03C8F71934C32E00446636 /* SWManager.m */,
				EF03C8F91934C34800446636 /* SWCondition.h */,
				EF03C8FA1934C34800446636 /* SWCondition.m */,
				EF03C8FC1934C35800446636 /* SWDailyForecast.h */,
				EF03C8FD1934C35800446636 /* SWDailyForecast.m */,
			);
			name = Models;
			sourceTree = "<group>";
		};
		EF03C9001934C36A00446636 /* Controllers */ = {
			isa = PBXGroup;
			children = (
				EF03C8F01934BA9E00446636 /* SWIndexViewController.h */,
				EF03C8F11934BA9E00446636 /* SWIndexViewController.m */,
			);
			name = Controllers;
			sourceTree = "<group>";
		};
		EFF482831934B548003447B9 = {
			isa = PBXGroup;
			children = (
				EFF482951934B548003447B9 /* SimpleWeather */,
				EFF482AE1934B548003447B9 /* SimpleWeatherTests */,
				EFF4828E1934B548003447B9 /* Frameworks */,
				EFF4828D1934B548003447B9 /* Products */,
				E94A68E9661F4267AE20369A /* Pods.xcconfig */,
			);
			sourceTree = "<group>";
		};
		EFF4828D1934B548003447B9 /* Products */ = {
			isa = PBXGroup;
			children = (
				EFF4828C1934B548003447B9 /* SimpleWeather.app */,
				EFF482A71934B548003447B9 /* SimpleWeatherTests.xctest */,
			);
			name = Products;
			sourceTree = "<group>";
		};
		EFF4828E1934B548003447B9 /* Frameworks */ = {
			isa = PBXGroup;
			children = (
				EFF4828F1934B548003447B9 /* Foundation.framework */,
				EFF482911934B548003447B9 /* CoreGraphics.framework */,
				EFF482931934B548003447B9 /* UIKit.framework */,
				EFF482A81934B548003447B9 /* XCTest.framework */,
				92D72CCA58014D61B8615231 /* libPods.a */,
			);
			name = Frameworks;
			sourceTree = "<group>";
		};
		EFF482951934B548003447B9 /* SimpleWeather */ = {
			isa = PBXGroup;
			children = (
				EF03C9001934C36A00446636 /* Controllers */,
				EF03C8FF1934C35E00446636 /* Models */,
				EFF482A11934B548003447B9 /* Images.xcassets */,
				EFF482961934B548003447B9 /* Supporting Files */,
			);
			path = SimpleWeather;
			sourceTree = "<group>";
		};
		EFF482961934B548003447B9 /* Supporting Files */ = {
			isa = PBXGroup;
			children = (
				EFF4829E1934B548003447B9 /* SWAppDelegate.h */,
				EFF4829F1934B548003447B9 /* SWAppDelegate.m */,
				EFF482971934B548003447B9 /* SimpleWeather-Info.plist */,
				EFF482981934B548003447B9 /* InfoPlist.strings */,
				EFF4829B1934B548003447B9 /* main.m */,
				EFF4829D1934B548003447B9 /* SimpleWeather-Prefix.pch */,
			);
			name = "Supporting Files";
			sourceTree = "<group>";
		};
		EFF482AE1934B548003447B9 /* SimpleWeatherTests */ = {
			isa = PBXGroup;
			children = (
				EFF482B41934B548003447B9 /* SimpleWeatherTests.m */,
				EFF482AF1934B548003447B9 /* Supporting Files */,
			);
			path = SimpleWeatherTests;
			sourceTree = "<group>";
		};
		EFF482AF1934B548003447B9 /* Supporting Files */ = {
			isa = PBXGroup;
			children = (
				EFF482B01934B548003447B9 /* SimpleWeatherTests-Info.plist */,
				EFF482B11934B548003447B9 /* InfoPlist.strings */,
			);
			name = "Supporting Files";
			sourceTree = "<group>";
		};
/* End PBXGroup section */

/* Begin PBXNativeTarget section */
		EFF4828B1934B548003447B9 /* SimpleWeather */ = {
			isa = PBXNativeTarget;
			buildConfigurationList = EFF482B81934B548003447B9 /* Build configuration list for PBXNativeTarget "SimpleWeather" */;
			buildPhases = (
				C90D8A6D0BDB4FFA92254F35 /* Check Pods Manifest.lock */,
				EFF482881934B548003447B9 /* Sources */,
				EFF482891934B548003447B9 /* Frameworks */,
				EFF4828A1934B548003447B9 /* Resources */,
				FEDF3E117DEB421CA1DA14CC /* Copy Pods Resources */,
			);
			buildRules = (
			);
			dependencies = (
			);
			name = SimpleWeather;
			productName = SimpleWeather;
			productReference = EFF4828C1934B548003447B9 /* SimpleWeather.app */;
			productType = "com.apple.product-type.application";
		};
		EFF482A61934B548003447B9 /* SimpleWeatherTests */ = {
			isa = PBXNativeTarget;
			buildConfigurationList = EFF482BB1934B548003447B9 /* Build configuration list for PBXNativeTarget "SimpleWeatherTests" */;
			buildPhases = (
				EFF482A31934B548003447B9 /* Sources */,
				EFF482A41934B548003447B9 /* Frameworks */,
				EFF482A51934B548003447B9 /* Resources */,
			);
			buildRules = (
			);
			dependencies = (
				EFF482AD1934B548003447B9 /* PBXTargetDependency */,
			);
			name = SimpleWeatherTests;
			productName = SimpleWeatherTests;
			productReference = EFF482A71934B548003447B9 /* SimpleWeatherTests.xctest */;
			productType = "com.apple.product-type.bundle.unit-test";
		};
/* End PBXNativeTarget section */

/* Begin PBXProject section */
		EFF482841934B548003447B9 /* Project object */ = {
			isa = PBXProject;
			attributes = {
				CLASSPREFIX = SW;
				LastUpgradeCheck = 0510;
				ORGANIZATIONNAME = "Deng Yanming";
				TargetAttributes = {
					EFF482A61934B548003447B9 = {
						TestTargetID = EFF4828B1934B548003447B9;
					};
				};
			};
			buildConfigurationList = EFF482871934B548003447B9 /* Build configuration list for PBXProject "SimpleWeather" */;
			compatibilityVersion = "Xcode 3.2";
			developmentRegion = English;
			hasScannedForEncodings = 0;
			knownRegions = (
				en,
			);
			mainGroup = EFF482831934B548003447B9;
			productRefGroup = EFF4828D1934B548003447B9 /* Products */;
			projectDirPath = "";
			projectRoot = "";
			targets = (
				EFF4828B1934B548003447B9 /* SimpleWeather */,
				EFF482A61934B548003447B9 /* SimpleWeatherTests */,
			);
		};
/* End PBXProject section */

/* Begin PBXResourcesBuildPhase section */
		EFF4828A1934B548003447B9 /* Resources */ = {
			isa = PBXResourcesBuildPhase;
			buildActionMask = 2147483647;
			files = (
				EFF4829A1934B548003447B9 /* InfoPlist.strings in Resources */,
				EFF482A21934B548003447B9 /* Images.xcassets in Resources */,
			);
			runOnlyForDeploymentPostprocessing = 0;
		};
		EFF482A51934B548003447B9 /* Resources */ = {
			isa = PBXResourcesBuildPhase;
			buildActionMask = 2147483647;
			files = (
				EFF482B31934B548003447B9 /* InfoPlist.strings in Resources */,
			);
			runOnlyForDeploymentPostprocessing = 0;
		};
/* End PBXResourcesBuildPhase section */

/* Begin PBXShellScriptBuildPhase section */
		C90D8A6D0BDB4FFA92254F35 /* Check Pods Manifest.lock */ = {
			isa = PBXShellScriptBuildPhase;
			buildActionMask = 2147483647;
			files = (
			);
			inputPaths = (
			);
			name = "Check Pods Manifest.lock";
			outputPaths = (
			);
			runOnlyForDeploymentPostprocessing = 0;
			shellPath = /bin/sh;
			shellScript = "diff \"${PODS_ROOT}/../Podfile.lock\" \"${PODS_ROOT}/Manifest.lock\" > /dev/null\nif [[ $? != 0 ]] ; then\n    cat << EOM\nerror: The sandbox is not in sync with the Podfile.lock. Run 'pod install' or update your CocoaPods installation.\nEOM\n    exit 1\nfi\n";
			showEnvVarsInLog = 0;
		};
		FEDF3E117DEB421CA1DA14CC /* Copy Pods Resources */ = {
			isa = PBXShellScriptBuildPhase;
			buildActionMask = 2147483647;
			files = (
			);
			inputPaths = (
			);
			name = "Copy Pods Resources";
			outputPaths = (
			);
			runOnlyForDeploymentPostprocessing = 0;
			shellPath = /bin/sh;
			shellScript = "\"${SRCROOT}/Pods/Pods-resources.sh\"\n";
			showEnvVarsInLog = 0;
		};
/* End PBXShellScriptBuildPhase section */

/* Begin PBXSourcesBuildPhase section */
		EFF482881934B548003447B9 /* Sources */ = {
			isa = PBXSourcesBuildPhase;
			buildActionMask = 2147483647;
			files = (
				EF03C8F21934BA9E00446636 /* SWIndexViewController.m in Sources */,
				EF03C8F81934C32E00446636 /* SWManager.m in Sources */,
				EFF482A01934B548003447B9 /* SWAppDelegate.m in Sources */,
				EF03C8F51934C32400446636 /* SWClient.m in Sources */,
				EF03C8FE1934C35800446636 /* SWDailyForecast.m in Sources */,
				EFF4829C1934B548003447B9 /* main.m in Sources */,
				EF03C8FB1934C34800446636 /* SWCondition.m in Sources */,
			);
			runOnlyForDeploymentPostprocessing = 0;
		};
		EFF482A31934B548003447B9 /* Sources */ = {
			isa = PBXSourcesBuildPhase;
			buildActionMask = 2147483647;
			files = (
				EFF482B51934B548003447B9 /* SimpleWeatherTests.m in Sources */,
			);
			runOnlyForDeploymentPostprocessing = 0;
		};
/* End PBXSourcesBuildPhase section */

/* Begin PBXTargetDependency section */
		EFF482AD1934B548003447B9 /* PBXTargetDependency */ = {
			isa = PBXTargetDependency;
			target = EFF4828B1934B548003447B9 /* SimpleWeather */;
			targetProxy = EFF482AC1934B548003447B9 /* PBXContainerItemProxy */;
		};
/* End PBXTargetDependency section */

/* Begin PBXVariantGroup section */
		EFF482981934B548003447B9 /* InfoPlist.strings */ = {
			isa = PBXVariantGroup;
			children = (
				EFF482991934B548003447B9 /* en */,
			);
			name = InfoPlist.strings;
			sourceTree = "<group>";
		};
		EFF482B11934B548003447B9 /* InfoPlist.strings */ = {
			isa = PBXVariantGroup;
			children = (
				EFF482B21934B548003447B9 /* en */,
			);
			name = InfoPlist.strings;
			sourceTree = "<group>";
		};
/* End PBXVariantGroup section */

/* Begin XCBuildConfiguration section */
		EFF482B61934B548003447B9 /* Debug */ = {
			isa = XCBuildConfiguration;
			buildSettings = {
				ALWAYS_SEARCH_USER_PATHS = NO;
				CLANG_CXX_LANGUAGE_STANDARD = "gnu++0x";
				CLANG_CXX_LIBRARY = "libc++";
				CLANG_ENABLE_MODULES = YES;
				CLANG_ENABLE_OBJC_ARC = YES;
				CLANG_WARN_BOOL_CONVERSION = YES;
				CLANG_WARN_CONSTANT_CONVERSION = YES;
				CLANG_WARN_DIRECT_OBJC_ISA_USAGE = YES_ERROR;
				CLANG_WARN_EMPTY_BODY = YES;
				CLANG_WARN_ENUM_CONVERSION = YES;
				CLANG_WARN_INT_CONVERSION = YES;
				CLANG_WARN_OBJC_ROOT_CLASS = YES_ERROR;
				CLANG_WARN__DUPLICATE_METHOD_MATCH = YES;
				"CODE_SIGN_IDENTITY[sdk=iphoneos*]" = "iPhone Developer";
				COPY_PHASE_STRIP = NO;
				GCC_C_LANGUAGE_STANDARD = gnu99;
				GCC_DYNAMIC_NO_PIC = NO;
				GCC_OPTIMIZATION_LEVEL = 0;
				GCC_PREPROCESSOR_DEFINITIONS = (
					"DEBUG=1",
					"$(inherited)",
				);
				GCC_SYMBOLS_PRIVATE_EXTERN = NO;
				GCC_WARN_64_TO_32_BIT_CONVERSION = YES;
				GCC_WARN_ABOUT_RETURN_TYPE = YES_ERROR;
				GCC_WARN_UNDECLARED_SELECTOR = YES;
				GCC_WARN_UNINITIALIZED_AUTOS = YES_AGGRESSIVE;
				GCC_WARN_UNUSED_FUNCTION = YES;
				GCC_WARN_UNUSED_VARIABLE = YES;
				IPHONEOS_DEPLOYMENT_TARGET = 7.1;
				ONLY_ACTIVE_ARCH = YES;
				SDKROOT = iphoneos;
			};
			name = Debug;
		};
		EFF482B71934B548003447B9 /* Release */ = {
			isa = XCBuildConfiguration;
			buildSettings = {
				ALWAYS_SEARCH_USER_PATHS = NO;
				CLANG_CXX_LANGUAGE_STANDARD = "gnu++0x";
				CLANG_CXX_LIBRARY = "libc++";
				CLANG_ENABLE_MODULES = YES;
				CLANG_ENABLE_OBJC_ARC = YES;
				CLANG_WARN_BOOL_CONVERSION = YES;
				CLANG_WARN_CONSTANT_CONVERSION = YES;
				CLANG_WARN_DIRECT_OBJC_ISA_USAGE = YES_ERROR;
				CLANG_WARN_EMPTY_BODY = YES;
				CLANG_WARN_ENUM_CONVERSION = YES;
				CLANG_WARN_INT_CONVERSION = YES;
				CLANG_WARN_OBJC_ROOT_CLASS = YES_ERROR;
				CLANG_WARN__DUPLICATE_METHOD_MATCH = YES;
				"CODE_SIGN_IDENTITY[sdk=iphoneos*]" = "iPhone Developer";
				COPY_PHASE_STRIP = YES;
				ENABLE_NS_ASSERTIONS = NO;
				GCC_C_LANGUAGE_STANDARD = gnu99;
				GCC_WARN_64_TO_32_BIT_CONVERSION = YES;
				GCC_WARN_ABOUT_RETURN_TYPE = YES_ERROR;
				GCC_WARN_UNDECLARED_SELECTOR = YES;
				GCC_WARN_UNINITIALIZED_AUTOS = YES_AGGRESSIVE;
				GCC_WARN_UNUSED_FUNCTION = YES;
				GCC_WARN_UNUSED_VARIABLE = YES;
				IPHONEOS_DEPLOYMENT_TARGET = 7.1;
				SDKROOT = iphoneos;
				VALIDATE_PRODUCT = YES;
			};
			name = Release;
		};
		EFF482B91934B548003447B9 /* Debug */ = {
			isa = XCBuildConfiguration;
			baseConfigurationReference = E94A68E9661F4267AE20369A /* Pods.xcconfig */;
			buildSettings = {
				ASSETCATALOG_COMPILER_APPICON_NAME = AppIcon;
				ASSETCATALOG_COMPILER_LAUNCHIMAGE_NAME = LaunchImage;
				GCC_PRECOMPILE_PREFIX_HEADER = YES;
				GCC_PREFIX_HEADER = "SimpleWeather/SimpleWeather-Prefix.pch";
				INFOPLIST_FILE = "SimpleWeather/SimpleWeather-Info.plist";
				PRODUCT_NAME = "$(TARGET_NAME)";
				WRAPPER_EXTENSION = app;
			};
			name = Debug;
		};
		EFF482BA1934B548003447B9 /* Release */ = {
			isa = XCBuildConfiguration;
			baseConfigurationReference = E94A68E9661F4267AE20369A /* Pods.xcconfig */;
			buildSettings = {
				ASSETCATALOG_COMPILER_APPICON_NAME = AppIcon;
				ASSETCATALOG_COMPILER_LAUNCHIMAGE_NAME = LaunchImage;
				GCC_PRECOMPILE_PREFIX_HEADER = YES;
				GCC_PREFIX_HEADER = "SimpleWeather/SimpleWeather-Prefix.pch";
				INFOPLIST_FILE = "SimpleWeather/SimpleWeather-Info.plist";
				PRODUCT_NAME = "$(TARGET_NAME)";
				WRAPPER_EXTENSION = app;
			};
			name = Release;
		};
		EFF482BC1934B548003447B9 /* Debug */ = {
			isa = XCBuildConfiguration;
			buildSettings = {
				BUNDLE_LOADER = "$(BUILT_PRODUCTS_DIR)/SimpleWeather.app/SimpleWeather";
				FRAMEWORK_SEARCH_PATHS = (
					"$(SDKROOT)/Developer/Library/Frameworks",
					"$(inherited)",
					"$(DEVELOPER_FRAMEWORKS_DIR)",
				);
				GCC_PRECOMPILE_PREFIX_HEADER = YES;
				GCC_PREFIX_HEADER = "SimpleWeather/SimpleWeather-Prefix.pch";
				GCC_PREPROCESSOR_DEFINITIONS = (
					"DEBUG=1",
					"$(inherited)",
				);
				INFOPLIST_FILE = "SimpleWeatherTests/SimpleWeatherTests-Info.plist";
				PRODUCT_NAME = "$(TARGET_NAME)";
				TEST_HOST = "$(BUNDLE_LOADER)";
				WRAPPER_EXTENSION = xctest;
			};
			name = Debug;
		};
		EFF482BD1934B548003447B9 /* Release */ = {
			isa = XCBuildConfiguration;
			buildSettings = {
				BUNDLE_LOADER = "$(BUILT_PRODUCTS_DIR)/SimpleWeather.app/SimpleWeather";
				FRAMEWORK_SEARCH_PATHS = (
					"$(SDKROOT)/Developer/Library/Frameworks",
					"$(inherited)",
					"$(DEVELOPER_FRAMEWORKS_DIR)",
				);
				GCC_PRECOMPILE_PREFIX_HEADER = YES;
				GCC_PREFIX_HEADER = "SimpleWeather/SimpleWeather-Prefix.pch";
				INFOPLIST_FILE = "SimpleWeatherTests/SimpleWeatherTests-Info.plist";
				PRODUCT_NAME = "$(TARGET_NAME)";
				TEST_HOST = "$(BUNDLE_LOADER)";
				WRAPPER_EXTENSION = xctest;
			};
			name = Release;
		};
/* End XCBuildConfiguration section */

/* Begin XCConfigurationList section */
		EFF482871934B548003447B9 /* Build configuration list for PBXProject "SimpleWeather" */ = {
			isa = XCConfigurationList;
			buildConfigurations = (
				EFF482B61934B548003447B9 /* Debug */,
				EFF482B71934B548003447B9 /* Release */,
			);
			defaultConfigurationIsVisible = 0;
			defaultConfigurationName = Release;
		};
		EFF482B81934B548003447B9 /* Build configuration list for PBXNativeTarget "SimpleWeather" */ = {
			isa = XCConfigurationList;
			buildConfigurations = (
				EFF482B91934B548003447B9 /* Debug */,
				EFF482BA1934B548003447B9 /* Release */,
			);
			defaultConfigurationIsVisible = 0;
			defaultConfigurationName = Release;
		};
		EFF482BB1934B548003447B9 /* Build configuration list for PBXNativeTarget "SimpleWeatherTests" */ = {
			isa = XCConfigurationList;
			buildConfigurations = (
				EFF482BC1934B548003447B9 /* Debug */,
				EFF482BD1934B548003447B9 /* Release */,
			);
			defaultConfigurationIsVisible = 0;
			defaultConfigurationName = Release;
		};
/* End XCConfigurationList section */
	};
	rootObject = EFF482841934B548003447B9 /* Project object */;
}
